
Microsoft Visual Studio Solution File, Format Version 12.00
# Visual Studio Version 17
VisualStudioVersion = 17.14.36119.2
MinimumVisualStudioVersion = 10.0.40219.1
Project("{FAE04EC0-301F-11D3-BF4B-00C04F79EFBC}") = "LapTrinhWebBuoi6", "LapTrinhWebBuoi6\LapTrinhWebBuoi6.csproj", "{FF4071B3-8F43-4232-B46A-2B26A6C60EC6}"
EndProject
Global
	GlobalSection(SolutionConfigurationPlatforms) = preSolution
		Debug|Any CPU = Debug|Any CPU
		Release|Any CPU = Release|Any CPU
	EndGlobalSection
	GlobalSection(ProjectConfigurationPlatforms) = postSolution
		{FF4071B3-8F43-4232-B46A-2B26A6C60EC6}.Debug|Any CPU.ActiveCfg = Debug|Any CPU
		{FF4071B3-8F43-4232-B46A-2B26A6C60EC6}.Debug|Any CPU.Build.0 = Debug|Any CPU
		{FF4071B3-8F43-4232-B46A-2B26A6C60EC6}.Release|Any CPU.ActiveCfg = Release|Any CPU
		{FF4071B3-8F43-4232-B46A-2B26A6C60EC6}.Release|Any CPU.Build.0 = Release|Any CPU
	EndGlobalSection
	GlobalSection(SolutionProperties) = preSolution
		HideSolutionNode = FALSE
	EndGlobalSection
	GlobalSection(ExtensibilityGlobals) = postSolution
		SolutionGuid = {63E3D0D6-25FA-4155-956A-D3A7E88E09B0}
	EndGlobalSection
EndGlobal
